// !$*UTF8*$!
{
	archiveVersion = 1;
	classes = {
	};
	objectVersion = 55;
	objects = {

/* Begin PBXBuildFile section */
		1B1A154627C2A9F700F5DE52 /* AppDelegate.swift in Sources */ = {isa = PBXBuildFile; fileRef = 1B1A154527C2A9F700F5DE52 /* AppDelegate.swift */; };
		1B1A154827C2A9F700F5DE52 /* SceneDelegate.swift in Sources */ = {isa = PBXBuildFile; fileRef = 1B1A154727C2A9F700F5DE52 /* SceneDelegate.swift */; };
		1B1A154A27C2A9F700F5DE52 /* ViewController.swift in Sources */ = {isa = PBXBuildFile; fileRef = 1B1A154927C2A9F700F5DE52 /* ViewController.swift */; };
		1B1A155027C2A9F700F5DE52 /* Organizer.xcdatamodeld in Sources */ = {isa = PBXBuildFile; fileRef = 1B1A154E27C2A9F700F5DE52 /* Organizer.xcdatamodeld */; };
		1B1A155227C2A9F800F5DE52 /* Assets.xcassets in Resources */ = {isa = PBXBuildFile; fileRef = 1B1A155127C2A9F800F5DE52 /* Assets.xcassets */; };
		1B1A155527C2A9F800F5DE52 /* LaunchScreen.storyboard in Resources */ = {isa = PBXBuildFile; fileRef = 1B1A155327C2A9F800F5DE52 /* LaunchScreen.storyboard */; };
		1B1A156027C2A9F800F5DE52 /* OrganizerTests.swift in Sources */ = {isa = PBXBuildFile; fileRef = 1B1A155F27C2A9F800F5DE52 /* OrganizerTests.swift */; };
		1B1A156A27C2A9F800F5DE52 /* OrganizerUITests.swift in Sources */ = {isa = PBXBuildFile; fileRef = 1B1A156927C2A9F800F5DE52 /* OrganizerUITests.swift */; };
		1B1A156C27C2A9F800F5DE52 /* OrganizerUITestsLaunchTests.swift in Sources */ = {isa = PBXBuildFile; fileRef = 1B1A156B27C2A9F800F5DE52 /* OrganizerUITestsLaunchTests.swift */; };
		1B1A157B27C2B5E800F5DE52 /* Coordinator.swift in Sources */ = {isa = PBXBuildFile; fileRef = 1B1A157A27C2B5E800F5DE52 /* Coordinator.swift */; };
		1B1A157D27C2B5F000F5DE52 /* Navigator.swift in Sources */ = {isa = PBXBuildFile; fileRef = 1B1A157C27C2B5F000F5DE52 /* Navigator.swift */; };
		1B1A157F27C2B7BF00F5DE52 /* AppCoordinator.swift in Sources */ = {isa = PBXBuildFile; fileRef = 1B1A157E27C2B7BF00F5DE52 /* AppCoordinator.swift */; };
		1B1A158127C2B87600F5DE52 /* AppRootVC.swift in Sources */ = {isa = PBXBuildFile; fileRef = 1B1A158027C2B87600F5DE52 /* AppRootVC.swift */; };
		1B1A158427C2B92B00F5DE52 /* UIView+Extensions.swift in Sources */ = {isa = PBXBuildFile; fileRef = 1B1A158327C2B92B00F5DE52 /* UIView+Extensions.swift */; };
		1B1A158827C2BA4100F5DE52 /* OnboardingCoordinator.swift in Sources */ = {isa = PBXBuildFile; fileRef = 1B1A158727C2BA4100F5DE52 /* OnboardingCoordinator.swift */; };
		1B1A158A27C2BC2600F5DE52 /* MainCoordinator.swift in Sources */ = {isa = PBXBuildFile; fileRef = 1B1A158927C2BC2600F5DE52 /* MainCoordinator.swift */; };
		1B1A158C27C370CE00F5DE52 /* OnboardingVC.swift in Sources */ = {isa = PBXBuildFile; fileRef = 1B1A158B27C370CE00F5DE52 /* OnboardingVC.swift */; };
		1B1A159327C3720D00F5DE52 /* OnboardingVC.xib in Resources */ = {isa = PBXBuildFile; fileRef = 1B1A159227C3720D00F5DE52 /* OnboardingVC.xib */; };
		1B1A159527C3725500F5DE52 /* BaseVC.swift in Sources */ = {isa = PBXBuildFile; fileRef = 1B1A159427C3725500F5DE52 /* BaseVC.swift */; };
		1B2E66BB27C377B8008FFEEB /* OnboardingSlide.swift in Sources */ = {isa = PBXBuildFile; fileRef = 1B2E66BA27C377B8008FFEEB /* OnboardingSlide.swift */; };
		1B2E66BF27C37A00008FFEEB /* OnboardingCell.swift in Sources */ = {isa = PBXBuildFile; fileRef = 1B2E66BD27C37A00008FFEEB /* OnboardingCell.swift */; };
		1B2E66C027C37A00008FFEEB /* OnboardingCell.xib in Resources */ = {isa = PBXBuildFile; fileRef = 1B2E66BE27C37A00008FFEEB /* OnboardingCell.xib */; };
		1B2E66C327C38B24008FFEEB /* ContentButton.swift in Sources */ = {isa = PBXBuildFile; fileRef = 1B2E66C227C38B24008FFEEB /* ContentButton.swift */; };
		1B2E66C527C38B54008FFEEB /* UIColor+Extensions.swift in Sources */ = {isa = PBXBuildFile; fileRef = 1B2E66C427C38B54008FFEEB /* UIColor+Extensions.swift */; };
		1B2E66C727C3938D008FFEEB /* UIImpactFeedbackGenerator+Extensions.swift in Sources */ = {isa = PBXBuildFile; fileRef = 1B2E66C627C3938D008FFEEB /* UIImpactFeedbackGenerator+Extensions.swift */; };
		1B2E66C927C39503008FFEEB /* page-flip.wav in Resources */ = {isa = PBXBuildFile; fileRef = 1B2E66C827C39503008FFEEB /* page-flip.wav */; };
		1BAD835827C5598C007CF1FF /* Colors.xcassets in Resources */ = {isa = PBXBuildFile; fileRef = 1BAD835727C5598C007CF1FF /* Colors.xcassets */; };
		1BAD835A27C55AA2007CF1FF /* AssetColor.swift in Sources */ = {isa = PBXBuildFile; fileRef = 1BAD835927C55AA2007CF1FF /* AssetColor.swift */; };
		1BB5EB3927C3CD5C0046C1E7 /* LottieAnimations.swift in Sources */ = {isa = PBXBuildFile; fileRef = 1BB5EB3827C3CD5C0046C1E7 /* LottieAnimations.swift */; };
		1BB5EB4F27C503970046C1E7 /* Collection+Extensions.swift in Sources */ = {isa = PBXBuildFile; fileRef = 1BB5EB4E27C503970046C1E7 /* Collection+Extensions.swift */; };
		1BB5EB5327C5077A0046C1E7 /* OnboardingViewModel.swift in Sources */ = {isa = PBXBuildFile; fileRef = 1BB5EB5227C5077A0046C1E7 /* OnboardingViewModel.swift */; };
		6380B08807E004C5A94E04F2 /* Pods_OrganizerTests.framework in Frameworks */ = {isa = PBXBuildFile; fileRef = AF7607E685FD15CFEE25BB3C /* Pods_OrganizerTests.framework */; };
		710AFA89B2B43F25B5A9C435 /* Pods_Organizer.framework in Frameworks */ = {isa = PBXBuildFile; fileRef = FE7ADE7B945536EE3B32A337 /* Pods_Organizer.framework */; };
		7FF99003D65E17C480228B32 /* Pods_Organizer_OrganizerUITests.framework in Frameworks */ = {isa = PBXBuildFile; fileRef = 37A7B1C897A57F0C760A9F4A /* Pods_Organizer_OrganizerUITests.framework */; };
/* End PBXBuildFile section */

/* Begin PBXContainerItemProxy section */
		1B1A155C27C2A9F800F5DE52 /* PBXContainerItemProxy */ = {
			isa = PBXContainerItemProxy;
			containerPortal = 1B1A153A27C2A9F700F5DE52 /* Project object */;
			proxyType = 1;
			remoteGlobalIDString = 1B1A154127C2A9F700F5DE52;
			remoteInfo = Organizer;
		};
		1B1A156627C2A9F800F5DE52 /* PBXContainerItemProxy */ = {
			isa = PBXContainerItemProxy;
			containerPortal = 1B1A153A27C2A9F700F5DE52 /* Project object */;
			proxyType = 1;
			remoteGlobalIDString = 1B1A154127C2A9F700F5DE52;
			remoteInfo = Organizer;
		};
/* End PBXContainerItemProxy section */

/* Begin PBXFileReference section */
		1B1A154227C2A9F700F5DE52 /* Organizer.app */ = {isa = PBXFileReference; explicitFileType = wrapper.application; includeInIndex = 0; path = Organizer.app; sourceTree = BUILT_PRODUCTS_DIR; };
		1B1A154527C2A9F700F5DE52 /* AppDelegate.swift */ = {isa = PBXFileReference; lastKnownFileType = sourcecode.swift; path = AppDelegate.swift; sourceTree = "<group>"; };
		1B1A154727C2A9F700F5DE52 /* SceneDelegate.swift */ = {isa = PBXFileReference; lastKnownFileType = sourcecode.swift; path = SceneDelegate.swift; sourceTree = "<group>"; };
		1B1A154927C2A9F700F5DE52 /* ViewController.swift */ = {isa = PBXFileReference; lastKnownFileType = sourcecode.swift; path = ViewController.swift; sourceTree = "<group>"; };
		1B1A154F27C2A9F700F5DE52 /* Organizer.xcdatamodel */ = {isa = PBXFileReference; lastKnownFileType = wrapper.xcdatamodel; path = Organizer.xcdatamodel; sourceTree = "<group>"; };
		1B1A155127C2A9F800F5DE52 /* Assets.xcassets */ = {isa = PBXFileReference; lastKnownFileType = folder.assetcatalog; path = Assets.xcassets; sourceTree = "<group>"; };
		1B1A155427C2A9F800F5DE52 /* Base */ = {isa = PBXFileReference; lastKnownFileType = file.storyboard; name = Base; path = Base.lproj/LaunchScreen.storyboard; sourceTree = "<group>"; };
		1B1A155627C2A9F800F5DE52 /* Info.plist */ = {isa = PBXFileReference; lastKnownFileType = text.plist.xml; path = Info.plist; sourceTree = "<group>"; };
		1B1A155B27C2A9F800F5DE52 /* OrganizerTests.xctest */ = {isa = PBXFileReference; explicitFileType = wrapper.cfbundle; includeInIndex = 0; path = OrganizerTests.xctest; sourceTree = BUILT_PRODUCTS_DIR; };
		1B1A155F27C2A9F800F5DE52 /* OrganizerTests.swift */ = {isa = PBXFileReference; lastKnownFileType = sourcecode.swift; path = OrganizerTests.swift; sourceTree = "<group>"; };
		1B1A156527C2A9F800F5DE52 /* OrganizerUITests.xctest */ = {isa = PBXFileReference; explicitFileType = wrapper.cfbundle; includeInIndex = 0; path = OrganizerUITests.xctest; sourceTree = BUILT_PRODUCTS_DIR; };
		1B1A156927C2A9F800F5DE52 /* OrganizerUITests.swift */ = {isa = PBXFileReference; lastKnownFileType = sourcecode.swift; path = OrganizerUITests.swift; sourceTree = "<group>"; };
		1B1A156B27C2A9F800F5DE52 /* OrganizerUITestsLaunchTests.swift */ = {isa = PBXFileReference; lastKnownFileType = sourcecode.swift; path = OrganizerUITestsLaunchTests.swift; sourceTree = "<group>"; };
		1B1A157A27C2B5E800F5DE52 /* Coordinator.swift */ = {isa = PBXFileReference; lastKnownFileType = sourcecode.swift; path = Coordinator.swift; sourceTree = "<group>"; };
		1B1A157C27C2B5F000F5DE52 /* Navigator.swift */ = {isa = PBXFileReference; lastKnownFileType = sourcecode.swift; path = Navigator.swift; sourceTree = "<group>"; };
		1B1A157E27C2B7BF00F5DE52 /* AppCoordinator.swift */ = {isa = PBXFileReference; lastKnownFileType = sourcecode.swift; path = AppCoordinator.swift; sourceTree = "<group>"; };
		1B1A158027C2B87600F5DE52 /* AppRootVC.swift */ = {isa = PBXFileReference; lastKnownFileType = sourcecode.swift; path = AppRootVC.swift; sourceTree = "<group>"; };
		1B1A158327C2B92B00F5DE52 /* UIView+Extensions.swift */ = {isa = PBXFileReference; lastKnownFileType = sourcecode.swift; path = "UIView+Extensions.swift"; sourceTree = "<group>"; };
		1B1A158727C2BA4100F5DE52 /* OnboardingCoordinator.swift */ = {isa = PBXFileReference; lastKnownFileType = sourcecode.swift; path = OnboardingCoordinator.swift; sourceTree = "<group>"; };
		1B1A158927C2BC2600F5DE52 /* MainCoordinator.swift */ = {isa = PBXFileReference; lastKnownFileType = sourcecode.swift; path = MainCoordinator.swift; sourceTree = "<group>"; };
		1B1A158B27C370CE00F5DE52 /* OnboardingVC.swift */ = {isa = PBXFileReference; lastKnownFileType = sourcecode.swift; path = OnboardingVC.swift; sourceTree = "<group>"; };
		1B1A159227C3720D00F5DE52 /* OnboardingVC.xib */ = {isa = PBXFileReference; lastKnownFileType = file.xib; path = OnboardingVC.xib; sourceTree = "<group>"; };
		1B1A159427C3725500F5DE52 /* BaseVC.swift */ = {isa = PBXFileReference; lastKnownFileType = sourcecode.swift; path = BaseVC.swift; sourceTree = "<group>"; };
		1B2E66BA27C377B8008FFEEB /* OnboardingSlide.swift */ = {isa = PBXFileReference; lastKnownFileType = sourcecode.swift; path = OnboardingSlide.swift; sourceTree = "<group>"; };
		1B2E66BD27C37A00008FFEEB /* OnboardingCell.swift */ = {isa = PBXFileReference; lastKnownFileType = sourcecode.swift; path = OnboardingCell.swift; sourceTree = "<group>"; };
		1B2E66BE27C37A00008FFEEB /* OnboardingCell.xib */ = {isa = PBXFileReference; lastKnownFileType = file.xib; path = OnboardingCell.xib; sourceTree = "<group>"; };
		1B2E66C227C38B24008FFEEB /* ContentButton.swift */ = {isa = PBXFileReference; lastKnownFileType = sourcecode.swift; path = ContentButton.swift; sourceTree = "<group>"; };
		1B2E66C427C38B54008FFEEB /* UIColor+Extensions.swift */ = {isa = PBXFileReference; lastKnownFileType = sourcecode.swift; path = "UIColor+Extensions.swift"; sourceTree = "<group>"; };
		1B2E66C627C3938D008FFEEB /* UIImpactFeedbackGenerator+Extensions.swift */ = {isa = PBXFileReference; lastKnownFileType = sourcecode.swift; path = "UIImpactFeedbackGenerator+Extensions.swift"; sourceTree = "<group>"; };
		1B2E66C827C39503008FFEEB /* page-flip.wav */ = {isa = PBXFileReference; lastKnownFileType = audio.wav; path = "page-flip.wav"; sourceTree = "<group>"; };
		1BAD835727C5598C007CF1FF /* Colors.xcassets */ = {isa = PBXFileReference; lastKnownFileType = folder.assetcatalog; path = Colors.xcassets; sourceTree = "<group>"; };
		1BAD835927C55AA2007CF1FF /* AssetColor.swift */ = {isa = PBXFileReference; lastKnownFileType = sourcecode.swift; path = AssetColor.swift; sourceTree = "<group>"; };
		1BB5EB3827C3CD5C0046C1E7 /* LottieAnimations.swift */ = {isa = PBXFileReference; lastKnownFileType = sourcecode.swift; path = LottieAnimations.swift; sourceTree = "<group>"; };
		1BB5EB4E27C503970046C1E7 /* Collection+Extensions.swift */ = {isa = PBXFileReference; lastKnownFileType = sourcecode.swift; path = "Collection+Extensions.swift"; sourceTree = "<group>"; };
		1BB5EB5227C5077A0046C1E7 /* OnboardingViewModel.swift */ = {isa = PBXFileReference; lastKnownFileType = sourcecode.swift; path = OnboardingViewModel.swift; sourceTree = "<group>"; };
		23F889801ECD4D8A2ED9C44D /* Pods-OrganizerTests.release.xcconfig */ = {isa = PBXFileReference; includeInIndex = 1; lastKnownFileType = text.xcconfig; name = "Pods-OrganizerTests.release.xcconfig"; path = "Target Support Files/Pods-OrganizerTests/Pods-OrganizerTests.release.xcconfig"; sourceTree = "<group>"; };
		37A7B1C897A57F0C760A9F4A /* Pods_Organizer_OrganizerUITests.framework */ = {isa = PBXFileReference; explicitFileType = wrapper.framework; includeInIndex = 0; path = Pods_Organizer_OrganizerUITests.framework; sourceTree = BUILT_PRODUCTS_DIR; };
		4746248C1D7973BC3AA59EE2 /* Pods-Organizer-OrganizerUITests.debug.xcconfig */ = {isa = PBXFileReference; includeInIndex = 1; lastKnownFileType = text.xcconfig; name = "Pods-Organizer-OrganizerUITests.debug.xcconfig"; path = "Target Support Files/Pods-Organizer-OrganizerUITests/Pods-Organizer-OrganizerUITests.debug.xcconfig"; sourceTree = "<group>"; };
		717CDB5064F879E7AF62C4B1 /* Pods-Organizer.release.xcconfig */ = {isa = PBXFileReference; includeInIndex = 1; lastKnownFileType = text.xcconfig; name = "Pods-Organizer.release.xcconfig"; path = "Target Support Files/Pods-Organizer/Pods-Organizer.release.xcconfig"; sourceTree = "<group>"; };
		85A3506C272063A0F125B33F /* Pods-OrganizerTests.debug.xcconfig */ = {isa = PBXFileReference; includeInIndex = 1; lastKnownFileType = text.xcconfig; name = "Pods-OrganizerTests.debug.xcconfig"; path = "Target Support Files/Pods-OrganizerTests/Pods-OrganizerTests.debug.xcconfig"; sourceTree = "<group>"; };
		901572E8E698DB03A7FEDFB1 /* Pods-Organizer-OrganizerUITests.release.xcconfig */ = {isa = PBXFileReference; includeInIndex = 1; lastKnownFileType = text.xcconfig; name = "Pods-Organizer-OrganizerUITests.release.xcconfig"; path = "Target Support Files/Pods-Organizer-OrganizerUITests/Pods-Organizer-OrganizerUITests.release.xcconfig"; sourceTree = "<group>"; };
		91181B4FF5EC761D2EB38B43 /* Pods-Organizer.debug.xcconfig */ = {isa = PBXFileReference; includeInIndex = 1; lastKnownFileType = text.xcconfig; name = "Pods-Organizer.debug.xcconfig"; path = "Target Support Files/Pods-Organizer/Pods-Organizer.debug.xcconfig"; sourceTree = "<group>"; };
		AF7607E685FD15CFEE25BB3C /* Pods_OrganizerTests.framework */ = {isa = PBXFileReference; explicitFileType = wrapper.framework; includeInIndex = 0; path = Pods_OrganizerTests.framework; sourceTree = BUILT_PRODUCTS_DIR; };
		FE7ADE7B945536EE3B32A337 /* Pods_Organizer.framework */ = {isa = PBXFileReference; explicitFileType = wrapper.framework; includeInIndex = 0; path = Pods_Organizer.framework; sourceTree = BUILT_PRODUCTS_DIR; };
/* End PBXFileReference section */

/* Begin PBXFrameworksBuildPhase section */
		1B1A153F27C2A9F700F5DE52 /* Frameworks */ = {
			isa = PBXFrameworksBuildPhase;
			buildActionMask = 2147483647;
			files = (
				710AFA89B2B43F25B5A9C435 /* Pods_Organizer.framework in Frameworks */,
			);
			runOnlyForDeploymentPostprocessing = 0;
		};
		1B1A155827C2A9F800F5DE52 /* Frameworks */ = {
			isa = PBXFrameworksBuildPhase;
			buildActionMask = 2147483647;
			files = (
				6380B08807E004C5A94E04F2 /* Pods_OrganizerTests.framework in Frameworks */,
			);
			runOnlyForDeploymentPostprocessing = 0;
		};
		1B1A156227C2A9F800F5DE52 /* Frameworks */ = {
			isa = PBXFrameworksBuildPhase;
			buildActionMask = 2147483647;
			files = (
				7FF99003D65E17C480228B32 /* Pods_Organizer_OrganizerUITests.framework in Frameworks */,
			);
			runOnlyForDeploymentPostprocessing = 0;
		};
/* End PBXFrameworksBuildPhase section */

/* Begin PBXGroup section */
		1B1A153927C2A9F700F5DE52 = {
			isa = PBXGroup;
			children = (
				1B1A154427C2A9F700F5DE52 /* Organizer */,
				1B1A155E27C2A9F800F5DE52 /* OrganizerTests */,
				1B1A156827C2A9F800F5DE52 /* OrganizerUITests */,
				1B1A154327C2A9F700F5DE52 /* Products */,
				D9DD87DD408E4120BCF64449 /* Pods */,
				7B56E617BA5B7157E1BC10F8 /* Frameworks */,
			);
			sourceTree = "<group>";
		};
		1B1A154327C2A9F700F5DE52 /* Products */ = {
			isa = PBXGroup;
			children = (
				1B1A154227C2A9F700F5DE52 /* Organizer.app */,
				1B1A155B27C2A9F800F5DE52 /* OrganizerTests.xctest */,
				1B1A156527C2A9F800F5DE52 /* OrganizerUITests.xctest */,
			);
			name = Products;
			sourceTree = "<group>";
		};
		1B1A154427C2A9F700F5DE52 /* Organizer */ = {
			isa = PBXGroup;
			children = (
				1B1A157827C2B59700F5DE52 /* Core */,
				1B1A158527C2BA0200F5DE52 /* MainApp */,
				1B1A158227C2B91300F5DE52 /* Extensions */,
				1B1A158D27C370FA00F5DE52 /* CustomViews */,
				1B1A158E27C3711500F5DE52 /* Helpers */,
				1BB5EB3127C3C45D0046C1E7 /* SupportingFiles */,
				1B1A155627C2A9F800F5DE52 /* Info.plist */,
			);
			path = Organizer;
			sourceTree = "<group>";
		};
		1B1A155E27C2A9F800F5DE52 /* OrganizerTests */ = {
			isa = PBXGroup;
			children = (
				1B1A155F27C2A9F800F5DE52 /* OrganizerTests.swift */,
			);
			path = OrganizerTests;
			sourceTree = "<group>";
		};
		1B1A156827C2A9F800F5DE52 /* OrganizerUITests */ = {
			isa = PBXGroup;
			children = (
				1B1A156927C2A9F800F5DE52 /* OrganizerUITests.swift */,
				1B1A156B27C2A9F800F5DE52 /* OrganizerUITestsLaunchTests.swift */,
			);
			path = OrganizerUITests;
			sourceTree = "<group>";
		};
		1B1A157827C2B59700F5DE52 /* Core */ = {
			isa = PBXGroup;
			children = (
				1B1A157927C2B5DE00F5DE52 /* Navigation */,
				1B1A154527C2A9F700F5DE52 /* AppDelegate.swift */,
				1B1A154727C2A9F700F5DE52 /* SceneDelegate.swift */,
				1B1A158027C2B87600F5DE52 /* AppRootVC.swift */,
				1B1A159427C3725500F5DE52 /* BaseVC.swift */,
			);
			path = Core;
			sourceTree = "<group>";
		};
		1B1A157927C2B5DE00F5DE52 /* Navigation */ = {
			isa = PBXGroup;
			children = (
				1B1A157A27C2B5E800F5DE52 /* Coordinator.swift */,
				1B1A157C27C2B5F000F5DE52 /* Navigator.swift */,
				1B1A157E27C2B7BF00F5DE52 /* AppCoordinator.swift */,
				1B1A158927C2BC2600F5DE52 /* MainCoordinator.swift */,
			);
			path = Navigation;
			sourceTree = "<group>";
		};
		1B1A158227C2B91300F5DE52 /* Extensions */ = {
			isa = PBXGroup;
			children = (
				1B1A158327C2B92B00F5DE52 /* UIView+Extensions.swift */,
				1B2E66C427C38B54008FFEEB /* UIColor+Extensions.swift */,
				1B2E66C627C3938D008FFEEB /* UIImpactFeedbackGenerator+Extensions.swift */,
				1BB5EB4E27C503970046C1E7 /* Collection+Extensions.swift */,
			);
			path = Extensions;
			sourceTree = "<group>";
		};
		1B1A158527C2BA0200F5DE52 /* MainApp */ = {
			isa = PBXGroup;
			children = (
				1B1A154927C2A9F700F5DE52 /* ViewController.swift */,
				1B1A158627C2BA2A00F5DE52 /* Onboarding */,
			);
			path = MainApp;
			sourceTree = "<group>";
		};
		1B1A158627C2BA2A00F5DE52 /* Onboarding */ = {
			isa = PBXGroup;
			children = (
				1B1A158727C2BA4100F5DE52 /* OnboardingCoordinator.swift */,
				1B1A158F27C371B700F5DE52 /* Model */,
				1B1A159127C371C800F5DE52 /* View */,
				1B1A159027C371C200F5DE52 /* ViewModel */,
			);
			path = Onboarding;
			sourceTree = "<group>";
		};
		1B1A158D27C370FA00F5DE52 /* CustomViews */ = {
			isa = PBXGroup;
			children = (
				1B2E66BC27C379E2008FFEEB /* Onboarding Cell */,
				1B2E66C227C38B24008FFEEB /* ContentButton.swift */,
			);
			path = CustomViews;
			sourceTree = "<group>";
		};
		1B1A158E27C3711500F5DE52 /* Helpers */ = {
			isa = PBXGroup;
			children = (
				1BAD835927C55AA2007CF1FF /* AssetColor.swift */,
			);
			path = Helpers;
			sourceTree = "<group>";
		};
		1B1A158F27C371B700F5DE52 /* Model */ = {
			isa = PBXGroup;
			children = (
				1B2E66BA27C377B8008FFEEB /* OnboardingSlide.swift */,
				1BB5EB3827C3CD5C0046C1E7 /* LottieAnimations.swift */,
			);
			path = Model;
			sourceTree = "<group>";
		};
		1B1A159027C371C200F5DE52 /* ViewModel */ = {
			isa = PBXGroup;
			children = (
				1BB5EB5227C5077A0046C1E7 /* OnboardingViewModel.swift */,
			);
			path = ViewModel;
			sourceTree = "<group>";
		};
		1B1A159127C371C800F5DE52 /* View */ = {
			isa = PBXGroup;
			children = (
				1B1A158B27C370CE00F5DE52 /* OnboardingVC.swift */,
				1B1A159227C3720D00F5DE52 /* OnboardingVC.xib */,
			);
			path = View;
			sourceTree = "<group>";
		};
		1B2E66BC27C379E2008FFEEB /* Onboarding Cell */ = {
			isa = PBXGroup;
			children = (
				1B2E66BD27C37A00008FFEEB /* OnboardingCell.swift */,
				1B2E66BE27C37A00008FFEEB /* OnboardingCell.xib */,
			);
			path = "Onboarding Cell";
			sourceTree = "<group>";
		};
		1BB5EB3127C3C45D0046C1E7 /* SupportingFiles */ = {
			isa = PBXGroup;
			children = (
				1B1A155127C2A9F800F5DE52 /* Assets.xcassets */,
				1BAD835727C5598C007CF1FF /* Colors.xcassets */,
				1B1A155327C2A9F800F5DE52 /* LaunchScreen.storyboard */,
				1B1A154E27C2A9F700F5DE52 /* Organizer.xcdatamodeld */,
				1BB5EB3227C3C4680046C1E7 /* Sounds */,
			);
			path = SupportingFiles;
			sourceTree = "<group>";
		};
		1BB5EB3227C3C4680046C1E7 /* Sounds */ = {
			isa = PBXGroup;
			children = (
				1B2E66C827C39503008FFEEB /* page-flip.wav */,
			);
			path = Sounds;
			sourceTree = "<group>";
		};
		7B56E617BA5B7157E1BC10F8 /* Frameworks */ = {
			isa = PBXGroup;
			children = (
				FE7ADE7B945536EE3B32A337 /* Pods_Organizer.framework */,
				37A7B1C897A57F0C760A9F4A /* Pods_Organizer_OrganizerUITests.framework */,
				AF7607E685FD15CFEE25BB3C /* Pods_OrganizerTests.framework */,
			);
			name = Frameworks;
			sourceTree = "<group>";
		};
		D9DD87DD408E4120BCF64449 /* Pods */ = {
			isa = PBXGroup;
			children = (
				91181B4FF5EC761D2EB38B43 /* Pods-Organizer.debug.xcconfig */,
				717CDB5064F879E7AF62C4B1 /* Pods-Organizer.release.xcconfig */,
				4746248C1D7973BC3AA59EE2 /* Pods-Organizer-OrganizerUITests.debug.xcconfig */,
				901572E8E698DB03A7FEDFB1 /* Pods-Organizer-OrganizerUITests.release.xcconfig */,
				85A3506C272063A0F125B33F /* Pods-OrganizerTests.debug.xcconfig */,
				23F889801ECD4D8A2ED9C44D /* Pods-OrganizerTests.release.xcconfig */,
			);
			path = Pods;
			sourceTree = "<group>";
		};
/* End PBXGroup section */

/* Begin PBXNativeTarget section */
		1B1A154127C2A9F700F5DE52 /* Organizer */ = {
			isa = PBXNativeTarget;
			buildConfigurationList = 1B1A156F27C2A9F800F5DE52 /* Build configuration list for PBXNativeTarget "Organizer" */;
			buildPhases = (
				2007A466EE7B7169693B66D5 /* [CP] Check Pods Manifest.lock */,
				1B1A153E27C2A9F700F5DE52 /* Sources */,
				1B1A153F27C2A9F700F5DE52 /* Frameworks */,
				1B1A154027C2A9F700F5DE52 /* Resources */,
				852C73A94F23A01E61D2E6CF /* [CP] Embed Pods Frameworks */,
			);
			buildRules = (
			);
			dependencies = (
			);
			name = Organizer;
			productName = Organizer;
			productReference = 1B1A154227C2A9F700F5DE52 /* Organizer.app */;
			productType = "com.apple.product-type.application";
		};
		1B1A155A27C2A9F800F5DE52 /* OrganizerTests */ = {
			isa = PBXNativeTarget;
			buildConfigurationList = 1B1A157227C2A9F800F5DE52 /* Build configuration list for PBXNativeTarget "OrganizerTests" */;
			buildPhases = (
				2836285F2D502691E5C3CD59 /* [CP] Check Pods Manifest.lock */,
				1B1A155727C2A9F800F5DE52 /* Sources */,
				1B1A155827C2A9F800F5DE52 /* Frameworks */,
				1B1A155927C2A9F800F5DE52 /* Resources */,
			);
			buildRules = (
			);
			dependencies = (
				1B1A155D27C2A9F800F5DE52 /* PBXTargetDependency */,
			);
			name = OrganizerTests;
			productName = OrganizerTests;
			productReference = 1B1A155B27C2A9F800F5DE52 /* OrganizerTests.xctest */;
			productType = "com.apple.product-type.bundle.unit-test";
		};
		1B1A156427C2A9F800F5DE52 /* OrganizerUITests */ = {
			isa = PBXNativeTarget;
			buildConfigurationList = 1B1A157527C2A9F800F5DE52 /* Build configuration list for PBXNativeTarget "OrganizerUITests" */;
			buildPhases = (
				EFADA151F448A2A9D3289695 /* [CP] Check Pods Manifest.lock */,
				1B1A156127C2A9F800F5DE52 /* Sources */,
				1B1A156227C2A9F800F5DE52 /* Frameworks */,
				1B1A156327C2A9F800F5DE52 /* Resources */,
				6C82722B0CA02FB6478AD606 /* [CP] Embed Pods Frameworks */,
			);
			buildRules = (
			);
			dependencies = (
				1B1A156727C2A9F800F5DE52 /* PBXTargetDependency */,
			);
			name = OrganizerUITests;
			productName = OrganizerUITests;
			productReference = 1B1A156527C2A9F800F5DE52 /* OrganizerUITests.xctest */;
			productType = "com.apple.product-type.bundle.ui-testing";
		};
/* End PBXNativeTarget section */

/* Begin PBXProject section */
		1B1A153A27C2A9F700F5DE52 /* Project object */ = {
			isa = PBXProject;
			attributes = {
				BuildIndependentTargetsInParallel = 1;
				LastSwiftUpdateCheck = 1320;
				LastUpgradeCheck = 1320;
				TargetAttributes = {
					1B1A154127C2A9F700F5DE52 = {
						CreatedOnToolsVersion = 13.2.1;
					};
					1B1A155A27C2A9F800F5DE52 = {
						CreatedOnToolsVersion = 13.2.1;
						TestTargetID = 1B1A154127C2A9F700F5DE52;
					};
					1B1A156427C2A9F800F5DE52 = {
						CreatedOnToolsVersion = 13.2.1;
						TestTargetID = 1B1A154127C2A9F700F5DE52;
					};
				};
			};
			buildConfigurationList = 1B1A153D27C2A9F700F5DE52 /* Build configuration list for PBXProject "Organizer" */;
			compatibilityVersion = "Xcode 13.0";
			developmentRegion = en;
			hasScannedForEncodings = 0;
			knownRegions = (
				en,
				Base,
			);
			mainGroup = 1B1A153927C2A9F700F5DE52;
			productRefGroup = 1B1A154327C2A9F700F5DE52 /* Products */;
			projectDirPath = "";
			projectRoot = "";
			targets = (
				1B1A154127C2A9F700F5DE52 /* Organizer */,
				1B1A155A27C2A9F800F5DE52 /* OrganizerTests */,
				1B1A156427C2A9F800F5DE52 /* OrganizerUITests */,
			);
		};
/* End PBXProject section */

/* Begin PBXResourcesBuildPhase section */
		1B1A154027C2A9F700F5DE52 /* Resources */ = {
			isa = PBXResourcesBuildPhase;
			buildActionMask = 2147483647;
			files = (
				1B1A155527C2A9F800F5DE52 /* LaunchScreen.storyboard in Resources */,
				1B1A155227C2A9F800F5DE52 /* Assets.xcassets in Resources */,
				1B2E66C027C37A00008FFEEB /* OnboardingCell.xib in Resources */,
				1B1A159327C3720D00F5DE52 /* OnboardingVC.xib in Resources */,
				1B2E66C927C39503008FFEEB /* page-flip.wav in Resources */,
				1BAD835827C5598C007CF1FF /* Colors.xcassets in Resources */,
			);
			runOnlyForDeploymentPostprocessing = 0;
		};
		1B1A155927C2A9F800F5DE52 /* Resources */ = {
			isa = PBXResourcesBuildPhase;
			buildActionMask = 2147483647;
			files = (
			);
			runOnlyForDeploymentPostprocessing = 0;
		};
		1B1A156327C2A9F800F5DE52 /* Resources */ = {
			isa = PBXResourcesBuildPhase;
			buildActionMask = 2147483647;
			files = (
			);
			runOnlyForDeploymentPostprocessing = 0;
		};
/* End PBXResourcesBuildPhase section */

/* Begin PBXShellScriptBuildPhase section */
		2007A466EE7B7169693B66D5 /* [CP] Check Pods Manifest.lock */ = {
			isa = PBXShellScriptBuildPhase;
			buildActionMask = 2147483647;
			files = (
			);
			inputFileListPaths = (
			);
			inputPaths = (
				"${PODS_PODFILE_DIR_PATH}/Podfile.lock",
				"${PODS_ROOT}/Manifest.lock",
			);
			name = "[CP] Check Pods Manifest.lock";
			outputFileListPaths = (
			);
			outputPaths = (
				"$(DERIVED_FILE_DIR)/Pods-Organizer-checkManifestLockResult.txt",
			);
			runOnlyForDeploymentPostprocessing = 0;
			shellPath = /bin/sh;
			shellScript = "diff \"${PODS_PODFILE_DIR_PATH}/Podfile.lock\" \"${PODS_ROOT}/Manifest.lock\" > /dev/null\nif [ $? != 0 ] ; then\n    # print error to STDERR\n    echo \"error: The sandbox is not in sync with the Podfile.lock. Run 'pod install' or update your CocoaPods installation.\" >&2\n    exit 1\nfi\n# This output is used by Xcode 'outputs' to avoid re-running this script phase.\necho \"SUCCESS\" > \"${SCRIPT_OUTPUT_FILE_0}\"\n";
			showEnvVarsInLog = 0;
		};
		2836285F2D502691E5C3CD59 /* [CP] Check Pods Manifest.lock */ = {
			isa = PBXShellScriptBuildPhase;
			buildActionMask = 2147483647;
			files = (
			);
			inputFileListPaths = (
			);
			inputPaths = (
				"${PODS_PODFILE_DIR_PATH}/Podfile.lock",
				"${PODS_ROOT}/Manifest.lock",
			);
			name = "[CP] Check Pods Manifest.lock";
			outputFileListPaths = (
			);
			outputPaths = (
				"$(DERIVED_FILE_DIR)/Pods-OrganizerTests-checkManifestLockResult.txt",
			);
			runOnlyForDeploymentPostprocessing = 0;
			shellPath = /bin/sh;
			shellScript = "diff \"${PODS_PODFILE_DIR_PATH}/Podfile.lock\" \"${PODS_ROOT}/Manifest.lock\" > /dev/null\nif [ $? != 0 ] ; then\n    # print error to STDERR\n    echo \"error: The sandbox is not in sync with the Podfile.lock. Run 'pod install' or update your CocoaPods installation.\" >&2\n    exit 1\nfi\n# This output is used by Xcode 'outputs' to avoid re-running this script phase.\necho \"SUCCESS\" > \"${SCRIPT_OUTPUT_FILE_0}\"\n";
			showEnvVarsInLog = 0;
		};
		6C82722B0CA02FB6478AD606 /* [CP] Embed Pods Frameworks */ = {
			isa = PBXShellScriptBuildPhase;
			buildActionMask = 2147483647;
			files = (
			);
			inputFileListPaths = (
				"${PODS_ROOT}/Target Support Files/Pods-Organizer-OrganizerUITests/Pods-Organizer-OrganizerUITests-frameworks-${CONFIGURATION}-input-files.xcfilelist",
			);
			name = "[CP] Embed Pods Frameworks";
			outputFileListPaths = (
				"${PODS_ROOT}/Target Support Files/Pods-Organizer-OrganizerUITests/Pods-Organizer-OrganizerUITests-frameworks-${CONFIGURATION}-output-files.xcfilelist",
			);
			runOnlyForDeploymentPostprocessing = 0;
			shellPath = /bin/sh;
			shellScript = "\"${PODS_ROOT}/Target Support Files/Pods-Organizer-OrganizerUITests/Pods-Organizer-OrganizerUITests-frameworks.sh\"\n";
			showEnvVarsInLog = 0;
		};
		852C73A94F23A01E61D2E6CF /* [CP] Embed Pods Frameworks */ = {
			isa = PBXShellScriptBuildPhase;
			buildActionMask = 2147483647;
			files = (
			);
			inputFileListPaths = (
				"${PODS_ROOT}/Target Support Files/Pods-Organizer/Pods-Organizer-frameworks-${CONFIGURATION}-input-files.xcfilelist",
			);
			name = "[CP] Embed Pods Frameworks";
			outputFileListPaths = (
				"${PODS_ROOT}/Target Support Files/Pods-Organizer/Pods-Organizer-frameworks-${CONFIGURATION}-output-files.xcfilelist",
			);
			runOnlyForDeploymentPostprocessing = 0;
			shellPath = /bin/sh;
			shellScript = "\"${PODS_ROOT}/Target Support Files/Pods-Organizer/Pods-Organizer-frameworks.sh\"\n";
			showEnvVarsInLog = 0;
		};
		EFADA151F448A2A9D3289695 /* [CP] Check Pods Manifest.lock */ = {
			isa = PBXShellScriptBuildPhase;
			buildActionMask = 2147483647;
			files = (
			);
			inputFileListPaths = (
			);
			inputPaths = (
				"${PODS_PODFILE_DIR_PATH}/Podfile.lock",
				"${PODS_ROOT}/Manifest.lock",
			);
			name = "[CP] Check Pods Manifest.lock";
			outputFileListPaths = (
			);
			outputPaths = (
				"$(DERIVED_FILE_DIR)/Pods-Organizer-OrganizerUITests-checkManifestLockResult.txt",
			);
			runOnlyForDeploymentPostprocessing = 0;
			shellPath = /bin/sh;
			shellScript = "diff \"${PODS_PODFILE_DIR_PATH}/Podfile.lock\" \"${PODS_ROOT}/Manifest.lock\" > /dev/null\nif [ $? != 0 ] ; then\n    # print error to STDERR\n    echo \"error: The sandbox is not in sync with the Podfile.lock. Run 'pod install' or update your CocoaPods installation.\" >&2\n    exit 1\nfi\n# This output is used by Xcode 'outputs' to avoid re-running this script phase.\necho \"SUCCESS\" > \"${SCRIPT_OUTPUT_FILE_0}\"\n";
			showEnvVarsInLog = 0;
		};
/* End PBXShellScriptBuildPhase section */

/* Begin PBXSourcesBuildPhase section */
		1B1A153E27C2A9F700F5DE52 /* Sources */ = {
			isa = PBXSourcesBuildPhase;
			buildActionMask = 2147483647;
			files = (
				1B2E66BB27C377B8008FFEEB /* OnboardingSlide.swift in Sources */,
				1B1A158127C2B87600F5DE52 /* AppRootVC.swift in Sources */,
				1BAD835A27C55AA2007CF1FF /* AssetColor.swift in Sources */,
				1B1A158C27C370CE00F5DE52 /* OnboardingVC.swift in Sources */,
				1B1A154A27C2A9F700F5DE52 /* ViewController.swift in Sources */,
				1B1A154627C2A9F700F5DE52 /* AppDelegate.swift in Sources */,
				1B2E66C327C38B24008FFEEB /* ContentButton.swift in Sources */,
				1B2E66C727C3938D008FFEEB /* UIImpactFeedbackGenerator+Extensions.swift in Sources */,
				1B1A158427C2B92B00F5DE52 /* UIView+Extensions.swift in Sources */,
				1B1A157B27C2B5E800F5DE52 /* Coordinator.swift in Sources */,
				1BB5EB4F27C503970046C1E7 /* Collection+Extensions.swift in Sources */,
				1B1A158A27C2BC2600F5DE52 /* MainCoordinator.swift in Sources */,
				1B1A154827C2A9F700F5DE52 /* SceneDelegate.swift in Sources */,
				1BB5EB3927C3CD5C0046C1E7 /* LottieAnimations.swift in Sources */,
				1B1A159527C3725500F5DE52 /* BaseVC.swift in Sources */,
				1B1A155027C2A9F700F5DE52 /* Organizer.xcdatamodeld in Sources */,
				1B2E66BF27C37A00008FFEEB /* OnboardingCell.swift in Sources */,
				1B1A158827C2BA4100F5DE52 /* OnboardingCoordinator.swift in Sources */,
				1B1A157D27C2B5F000F5DE52 /* Navigator.swift in Sources */,
				1B2E66C527C38B54008FFEEB /* UIColor+Extensions.swift in Sources */,
				1BB5EB5327C5077A0046C1E7 /* OnboardingViewModel.swift in Sources */,
				1B1A157F27C2B7BF00F5DE52 /* AppCoordinator.swift in Sources */,
			);
			runOnlyForDeploymentPostprocessing = 0;
		};
		1B1A155727C2A9F800F5DE52 /* Sources */ = {
			isa = PBXSourcesBuildPhase;
			buildActionMask = 2147483647;
			files = (
				1B1A156027C2A9F800F5DE52 /* OrganizerTests.swift in Sources */,
			);
			runOnlyForDeploymentPostprocessing = 0;
		};
		1B1A156127C2A9F800F5DE52 /* Sources */ = {
			isa = PBXSourcesBuildPhase;
			buildActionMask = 2147483647;
			files = (
				1B1A156C27C2A9F800F5DE52 /* OrganizerUITestsLaunchTests.swift in Sources */,
				1B1A156A27C2A9F800F5DE52 /* OrganizerUITests.swift in Sources */,
			);
			runOnlyForDeploymentPostprocessing = 0;
		};
/* End PBXSourcesBuildPhase section */

/* Begin PBXTargetDependency section */
		1B1A155D27C2A9F800F5DE52 /* PBXTargetDependency */ = {
			isa = PBXTargetDependency;
			target = 1B1A154127C2A9F700F5DE52 /* Organizer */;
			targetProxy = 1B1A155C27C2A9F800F5DE52 /* PBXContainerItemProxy */;
		};
		1B1A156727C2A9F800F5DE52 /* PBXTargetDependency */ = {
			isa = PBXTargetDependency;
			target = 1B1A154127C2A9F700F5DE52 /* Organizer */;
			targetProxy = 1B1A156627C2A9F800F5DE52 /* PBXContainerItemProxy */;
		};
/* End PBXTargetDependency section */

/* Begin PBXVariantGroup section */
		1B1A155327C2A9F800F5DE52 /* LaunchScreen.storyboard */ = {
			isa = PBXVariantGroup;
			children = (
				1B1A155427C2A9F800F5DE52 /* Base */,
			);
			name = LaunchScreen.storyboard;
			sourceTree = "<group>";
		};
/* End PBXVariantGroup section */

/* Begin XCBuildConfiguration section */
		1B1A156D27C2A9F800F5DE52 /* Debug */ = {
			isa = XCBuildConfiguration;
			buildSettings = {
				ALWAYS_SEARCH_USER_PATHS = NO;
				CLANG_ANALYZER_NONNULL = YES;
				CLANG_ANALYZER_NUMBER_OBJECT_CONVERSION = YES_AGGRESSIVE;
				CLANG_CXX_LANGUAGE_STANDARD = "gnu++17";
				CLANG_CXX_LIBRARY = "libc++";
				CLANG_ENABLE_MODULES = YES;
				CLANG_ENABLE_OBJC_ARC = YES;
				CLANG_ENABLE_OBJC_WEAK = YES;
				CLANG_WARN_BLOCK_CAPTURE_AUTORELEASING = YES;
				CLANG_WARN_BOOL_CONVERSION = YES;
				CLANG_WARN_COMMA = YES;
				CLANG_WARN_CONSTANT_CONVERSION = YES;
				CLANG_WARN_DEPRECATED_OBJC_IMPLEMENTATIONS = YES;
				CLANG_WARN_DIRECT_OBJC_ISA_USAGE = YES_ERROR;
				CLANG_WARN_DOCUMENTATION_COMMENTS = YES;
				CLANG_WARN_EMPTY_BODY = YES;
				CLANG_WARN_ENUM_CONVERSION = YES;
				CLANG_WARN_INFINITE_RECURSION = YES;
				CLANG_WARN_INT_CONVERSION = YES;
				CLANG_WARN_NON_LITERAL_NULL_CONVERSION = YES;
				CLANG_WARN_OBJC_IMPLICIT_RETAIN_SELF = YES;
				CLANG_WARN_OBJC_LITERAL_CONVERSION = YES;
				CLANG_WARN_OBJC_ROOT_CLASS = YES_ERROR;
				CLANG_WARN_QUOTED_INCLUDE_IN_FRAMEWORK_HEADER = YES;
				CLANG_WARN_RANGE_LOOP_ANALYSIS = YES;
				CLANG_WARN_STRICT_PROTOTYPES = YES;
				CLANG_WARN_SUSPICIOUS_MOVE = YES;
				CLANG_WARN_UNGUARDED_AVAILABILITY = YES_AGGRESSIVE;
				CLANG_WARN_UNREACHABLE_CODE = YES;
				CLANG_WARN__DUPLICATE_METHOD_MATCH = YES;
				COPY_PHASE_STRIP = NO;
				DEBUG_INFORMATION_FORMAT = dwarf;
				ENABLE_STRICT_OBJC_MSGSEND = YES;
				ENABLE_TESTABILITY = YES;
				GCC_C_LANGUAGE_STANDARD = gnu11;
				GCC_DYNAMIC_NO_PIC = NO;
				GCC_NO_COMMON_BLOCKS = YES;
				GCC_OPTIMIZATION_LEVEL = 0;
				GCC_PREPROCESSOR_DEFINITIONS = (
					"DEBUG=1",
					"$(inherited)",
				);
				GCC_WARN_64_TO_32_BIT_CONVERSION = YES;
				GCC_WARN_ABOUT_RETURN_TYPE = YES_ERROR;
				GCC_WARN_UNDECLARED_SELECTOR = YES;
				GCC_WARN_UNINITIALIZED_AUTOS = YES_AGGRESSIVE;
				GCC_WARN_UNUSED_FUNCTION = YES;
				GCC_WARN_UNUSED_VARIABLE = YES;
				IPHONEOS_DEPLOYMENT_TARGET = 14.0;
				MTL_ENABLE_DEBUG_INFO = INCLUDE_SOURCE;
				MTL_FAST_MATH = YES;
				ONLY_ACTIVE_ARCH = YES;
				SDKROOT = iphoneos;
				SWIFT_ACTIVE_COMPILATION_CONDITIONS = DEBUG;
				SWIFT_OPTIMIZATION_LEVEL = "-Onone";
			};
			name = Debug;
		};
		1B1A156E27C2A9F800F5DE52 /* Release */ = {
			isa = XCBuildConfiguration;
			buildSettings = {
				ALWAYS_SEARCH_USER_PATHS = NO;
				CLANG_ANALYZER_NONNULL = YES;
				CLANG_ANALYZER_NUMBER_OBJECT_CONVERSION = YES_AGGRESSIVE;
				CLANG_CXX_LANGUAGE_STANDARD = "gnu++17";
				CLANG_CXX_LIBRARY = "libc++";
				CLANG_ENABLE_MODULES = YES;
				CLANG_ENABLE_OBJC_ARC = YES;
				CLANG_ENABLE_OBJC_WEAK = YES;
				CLANG_WARN_BLOCK_CAPTURE_AUTORELEASING = YES;
				CLANG_WARN_BOOL_CONVERSION = YES;
				CLANG_WARN_COMMA = YES;
				CLANG_WARN_CONSTANT_CONVERSION = YES;
				CLANG_WARN_DEPRECATED_OBJC_IMPLEMENTATIONS = YES;
				CLANG_WARN_DIRECT_OBJC_ISA_USAGE = YES_ERROR;
				CLANG_WARN_DOCUMENTATION_COMMENTS = YES;
				CLANG_WARN_EMPTY_BODY = YES;
				CLANG_WARN_ENUM_CONVERSION = YES;
				CLANG_WARN_INFINITE_RECURSION = YES;
				CLANG_WARN_INT_CONVERSION = YES;
				CLANG_WARN_NON_LITERAL_NULL_CONVERSION = YES;
				CLANG_WARN_OBJC_IMPLICIT_RETAIN_SELF = YES;
				CLANG_WARN_OBJC_LITERAL_CONVERSION = YES;
				CLANG_WARN_OBJC_ROOT_CLASS = YES_ERROR;
				CLANG_WARN_QUOTED_INCLUDE_IN_FRAMEWORK_HEADER = YES;
				CLANG_WARN_RANGE_LOOP_ANALYSIS = YES;
				CLANG_WARN_STRICT_PROTOTYPES = YES;
				CLANG_WARN_SUSPICIOUS_MOVE = YES;
				CLANG_WARN_UNGUARDED_AVAILABILITY = YES_AGGRESSIVE;
				CLANG_WARN_UNREACHABLE_CODE = YES;
				CLANG_WARN__DUPLICATE_METHOD_MATCH = YES;
				COPY_PHASE_STRIP = NO;
				DEBUG_INFORMATION_FORMAT = "dwarf-with-dsym";
				ENABLE_NS_ASSERTIONS = NO;
				ENABLE_STRICT_OBJC_MSGSEND = YES;
				GCC_C_LANGUAGE_STANDARD = gnu11;
				GCC_NO_COMMON_BLOCKS = YES;
				GCC_WARN_64_TO_32_BIT_CONVERSION = YES;
				GCC_WARN_ABOUT_RETURN_TYPE = YES_ERROR;
				GCC_WARN_UNDECLARED_SELECTOR = YES;
				GCC_WARN_UNINITIALIZED_AUTOS = YES_AGGRESSIVE;
				GCC_WARN_UNUSED_FUNCTION = YES;
				GCC_WARN_UNUSED_VARIABLE = YES;
				IPHONEOS_DEPLOYMENT_TARGET = 14.0;
				MTL_ENABLE_DEBUG_INFO = NO;
				MTL_FAST_MATH = YES;
				SDKROOT = iphoneos;
				SWIFT_COMPILATION_MODE = wholemodule;
				SWIFT_OPTIMIZATION_LEVEL = "-O";
				VALIDATE_PRODUCT = YES;
			};
			name = Release;
		};
		1B1A157027C2A9F800F5DE52 /* Debug */ = {
			isa = XCBuildConfiguration;
			baseConfigurationReference = 91181B4FF5EC761D2EB38B43 /* Pods-Organizer.debug.xcconfig */;
			buildSettings = {
				ASSETCATALOG_COMPILER_APPICON_NAME = AppIcon;
				ASSETCATALOG_COMPILER_GLOBAL_ACCENT_COLOR_NAME = AccentColor;
				CODE_SIGN_STYLE = Automatic;
				CURRENT_PROJECT_VERSION = 1;
				DEVELOPMENT_TEAM = 8QYX9VGMBQ;
				GENERATE_INFOPLIST_FILE = YES;
				INFOPLIST_FILE = Organizer/Info.plist;
				INFOPLIST_KEY_UIApplicationSupportsIndirectInputEvents = YES;
				INFOPLIST_KEY_UILaunchStoryboardName = LaunchScreen;
				INFOPLIST_KEY_UIMainStoryboardFile = LaunchScreen;
				INFOPLIST_KEY_UISupportedInterfaceOrientations = UIInterfaceOrientationPortrait;
				INFOPLIST_KEY_UISupportedInterfaceOrientations_iPad = "UIInterfaceOrientationPortrait UIInterfaceOrientationPortraitUpsideDown UIInterfaceOrientationLandscapeLeft UIInterfaceOrientationLandscapeRight";
				INFOPLIST_KEY_UISupportedInterfaceOrientations_iPhone = "UIInterfaceOrientationPortrait UIInterfaceOrientationLandscapeLeft UIInterfaceOrientationLandscapeRight";
				IPHONEOS_DEPLOYMENT_TARGET = 14.0;
				LD_RUNPATH_SEARCH_PATHS = (
					"$(inherited)",
					"@executable_path/Frameworks",
				);
				MARKETING_VERSION = 1.0;
				PRODUCT_BUNDLE_IDENTIFIER = com.petimezas.organizer.Organizer;
				PRODUCT_NAME = "$(TARGET_NAME)";
				SWIFT_EMIT_LOC_STRINGS = YES;
				SWIFT_VERSION = 5.0;
				TARGETED_DEVICE_FAMILY = "1,2";
			};
			name = Debug;
		};
		1B1A157127C2A9F800F5DE52 /* Release */ = {
			isa = XCBuildConfiguration;
			baseConfigurationReference = 717CDB5064F879E7AF62C4B1 /* Pods-Organizer.release.xcconfig */;
			buildSettings = {
				ASSETCATALOG_COMPILER_APPICON_NAME = AppIcon;
				ASSETCATALOG_COMPILER_GLOBAL_ACCENT_COLOR_NAME = AccentColor;
				CODE_SIGN_STYLE = Automatic;
				CURRENT_PROJECT_VERSION = 1;
				DEVELOPMENT_TEAM = 8QYX9VGMBQ;
				GENERATE_INFOPLIST_FILE = YES;
				INFOPLIST_FILE = Organizer/Info.plist;
				INFOPLIST_KEY_UIApplicationSupportsIndirectInputEvents = YES;
				INFOPLIST_KEY_UILaunchStoryboardName = LaunchScreen;
				INFOPLIST_KEY_UIMainStoryboardFile = LaunchScreen;
				INFOPLIST_KEY_UISupportedInterfaceOrientations = UIInterfaceOrientationPortrait;
				INFOPLIST_KEY_UISupportedInterfaceOrientations_iPad = "UIInterfaceOrientationPortrait UIInterfaceOrientationPortraitUpsideDown UIInterfaceOrientationLandscapeLeft UIInterfaceOrientationLandscapeRight";
				INFOPLIST_KEY_UISupportedInterfaceOrientations_iPhone = "UIInterfaceOrientationPortrait UIInterfaceOrientationLandscapeLeft UIInterfaceOrientationLandscapeRight";
				IPHONEOS_DEPLOYMENT_TARGET = 14.0;
				LD_RUNPATH_SEARCH_PATHS = (
					"$(inherited)",
					"@executable_path/Frameworks",
				);
				MARKETING_VERSION = 1.0;
				PRODUCT_BUNDLE_IDENTIFIER = com.petimezas.organizer.Organizer;
				PRODUCT_NAME = "$(TARGET_NAME)";
				SWIFT_EMIT_LOC_STRINGS = YES;
				SWIFT_VERSION = 5.0;
				TARGETED_DEVICE_FAMILY = "1,2";
			};
			name = Release;
		};
		1B1A157327C2A9F800F5DE52 /* Debug */ = {
			isa = XCBuildConfiguration;
			baseConfigurationReference = 85A3506C272063A0F125B33F /* Pods-OrganizerTests.debug.xcconfig */;
			buildSettings = {
				ALWAYS_EMBED_SWIFT_STANDARD_LIBRARIES = "$(inherited)";
				BUNDLE_LOADER = "$(TEST_HOST)";
				CODE_SIGN_STYLE = Automatic;
				CURRENT_PROJECT_VERSION = 1;
				DEVELOPMENT_TEAM = 8QYX9VGMBQ;
				GENERATE_INFOPLIST_FILE = YES;
				IPHONEOS_DEPLOYMENT_TARGET = 14.0;
				MARKETING_VERSION = 1.0;
				PRODUCT_BUNDLE_IDENTIFIER = com.petimezas.organizer.OrganizerTests;
				PRODUCT_NAME = "$(TARGET_NAME)";
				SWIFT_EMIT_LOC_STRINGS = NO;
				SWIFT_VERSION = 5.0;
				TARGETED_DEVICE_FAMILY = "1,2";
				TEST_HOST = "$(BUILT_PRODUCTS_DIR)/Organizer.app/Organizer";
			};
			name = Debug;
		};
		1B1A157427C2A9F800F5DE52 /* Release */ = {
			isa = XCBuildConfiguration;
			baseConfigurationReference = 23F889801ECD4D8A2ED9C44D /* Pods-OrganizerTests.release.xcconfig */;
			buildSettings = {
				ALWAYS_EMBED_SWIFT_STANDARD_LIBRARIES = "$(inherited)";
				BUNDLE_LOADER = "$(TEST_HOST)";
				CODE_SIGN_STYLE = Automatic;
				CURRENT_PROJECT_VERSION = 1;
				DEVELOPMENT_TEAM = 8QYX9VGMBQ;
				GENERATE_INFOPLIST_FILE = YES;
				IPHONEOS_DEPLOYMENT_TARGET = 14.0;
				MARKETING_VERSION = 1.0;
				PRODUCT_BUNDLE_IDENTIFIER = com.petimezas.organizer.OrganizerTests;
				PRODUCT_NAME = "$(TARGET_NAME)";
				SWIFT_EMIT_LOC_STRINGS = NO;
				SWIFT_VERSION = 5.0;
				TARGETED_DEVICE_FAMILY = "1,2";
				TEST_HOST = "$(BUILT_PRODUCTS_DIR)/Organizer.app/Organizer";
			};
			name = Release;
		};
		1B1A157627C2A9F800F5DE52 /* Debug */ = {
			isa = XCBuildConfiguration;
			baseConfigurationReference = 4746248C1D7973BC3AA59EE2 /* Pods-Organizer-OrganizerUITests.debug.xcconfig */;
			buildSettings = {
				ALWAYS_EMBED_SWIFT_STANDARD_LIBRARIES = "$(inherited)";
				CODE_SIGN_STYLE = Automatic;
				CURRENT_PROJECT_VERSION = 1;
				DEVELOPMENT_TEAM = 8QYX9VGMBQ;
				GENERATE_INFOPLIST_FILE = YES;
				MARKETING_VERSION = 1.0;
				PRODUCT_BUNDLE_IDENTIFIER = com.petimezas.organizer.OrganizerUITests;
				PRODUCT_NAME = "$(TARGET_NAME)";
				SWIFT_EMIT_LOC_STRINGS = NO;
				SWIFT_VERSION = 5.0;
				TARGETED_DEVICE_FAMILY = "1,2";
				TEST_TARGET_NAME = Organizer;
			};
			name = Debug;
		};
		1B1A157727C2A9F800F5DE52 /* Release */ = {
			isa = XCBuildConfiguration;
			baseConfigurationReference = 901572E8E698DB03A7FEDFB1 /* Pods-Organizer-OrganizerUITests.release.xcconfig */;
			buildSettings = {
				ALWAYS_EMBED_SWIFT_STANDARD_LIBRARIES = "$(inherited)";
				CODE_SIGN_STYLE = Automatic;
				CURRENT_PROJECT_VERSION = 1;
				DEVELOPMENT_TEAM = 8QYX9VGMBQ;
				GENERATE_INFOPLIST_FILE = YES;
				MARKETING_VERSION = 1.0;
				PRODUCT_BUNDLE_IDENTIFIER = com.petimezas.organizer.OrganizerUITests;
				PRODUCT_NAME = "$(TARGET_NAME)";
				SWIFT_EMIT_LOC_STRINGS = NO;
				SWIFT_VERSION = 5.0;
				TARGETED_DEVICE_FAMILY = "1,2";
				TEST_TARGET_NAME = Organizer;
			};
			name = Release;
		};
/* End XCBuildConfiguration section */

/* Begin XCConfigurationList section */
		1B1A153D27C2A9F700F5DE52 /* Build configuration list for PBXProject "Organizer" */ = {
			isa = XCConfigurationList;
			buildConfigurations = (
				1B1A156D27C2A9F800F5DE52 /* Debug */,
				1B1A156E27C2A9F800F5DE52 /* Release */,
			);
			defaultConfigurationIsVisible = 0;
			defaultConfigurationName = Release;
		};
		1B1A156F27C2A9F800F5DE52 /* Build configuration list for PBXNativeTarget "Organizer" */ = {
			isa = XCConfigurationList;
			buildConfigurations = (
				1B1A157027C2A9F800F5DE52 /* Debug */,
				1B1A157127C2A9F800F5DE52 /* Release */,
			);
			defaultConfigurationIsVisible = 0;
			defaultConfigurationName = Release;
		};
		1B1A157227C2A9F800F5DE52 /* Build configuration list for PBXNativeTarget "OrganizerTests" */ = {
			isa = XCConfigurationList;
			buildConfigurations = (
				1B1A157327C2A9F800F5DE52 /* Debug */,
				1B1A157427C2A9F800F5DE52 /* Release */,
			);
			defaultConfigurationIsVisible = 0;
			defaultConfigurationName = Release;
		};
		1B1A157527C2A9F800F5DE52 /* Build configuration list for PBXNativeTarget "OrganizerUITests" */ = {
			isa = XCConfigurationList;
			buildConfigurations = (
				1B1A157627C2A9F800F5DE52 /* Debug */,
				1B1A157727C2A9F800F5DE52 /* Release */,
			);
			defaultConfigurationIsVisible = 0;
			defaultConfigurationName = Release;
		};
/* End XCConfigurationList section */

/* Begin XCVersionGroup section */
		1B1A154E27C2A9F700F5DE52 /* Organizer.xcdatamodeld */ = {
			isa = XCVersionGroup;
			children = (
				1B1A154F27C2A9F700F5DE52 /* Organizer.xcdatamodel */,
			);
			currentVersion = 1B1A154F27C2A9F700F5DE52 /* Organizer.xcdatamodel */;
			path = Organizer.xcdatamodeld;
			sourceTree = "<group>";
			versionGroupType = wrapper.xcdatamodel;
		};
/* End XCVersionGroup section */
	};
	rootObject = 1B1A153A27C2A9F700F5DE52 /* Project object */;
}
